{
    "version": 3,
    "terraform_version": "0.10.0",
    "serial": 6,
    "lineage": "027774e7-0306-4ab9-b66a-b2b66e5c374f",
    "modules": [
        {
            "path": [
                "root"
            ],
            "outputs": {
                "elb_dns_name": {
                    "sensitive": false,
                    "type": "string",
                    "value": "terraform-ASG-example-777772322.ap-south-1.elb.amazonaws.com"
                }
            },
            "resources": {
                "aws_autoscaling_group.example": {
                    "type": "aws_autoscaling_group",
                    "depends_on": [
                        "aws_elb.example",
                        "aws_launch_configuration.example",
                        "data.aws_availability_zones.all"
                    ],
                    "primary": {
                        "id": "tf-asg-00a3bea9e80717640dcbf51df7",
                        "attributes": {
                            "arn": "arn:aws:autoscaling:ap-south-1:022326375062:autoScalingGroup:9ef12c7b-3016-40f6-b8e4-a5a9762cbd20:autoScalingGroupName/tf-asg-00a3bea9e80717640dcbf51df7",
                            "availability_zones.#": "2",
                            "availability_zones.1163474009": "ap-south-1a",
                            "availability_zones.3696256483": "ap-south-1b",
                            "default_cooldown": "300",
                            "desired_capacity": "2",
                            "force_delete": "false",
                            "health_check_grace_period": "300",
                            "health_check_type": "ELB",
                            "id": "tf-asg-00a3bea9e80717640dcbf51df7",
                            "launch_configuration": "terraform-00cc628166dfe461c08de890ce",
                            "load_balancers.#": "1",
                            "load_balancers.2650311865": "terraform-ASG-example",
                            "max_size": "4",
                            "metrics_granularity": "1Minute",
                            "min_size": "2",
                            "name": "tf-asg-00a3bea9e80717640dcbf51df7",
                            "placement_group": "",
                            "protect_from_scale_in": "false",
                            "suspended_processes.#": "0",
                            "tag.#": "1",
                            "tag.2390164758.key": "Name",
                            "tag.2390164758.propagate_at_launch": "true",
                            "tag.2390164758.value": "terraform_ASG_example",
                            "target_group_arns.#": "0",
                            "termination_policies.#": "0",
                            "vpc_zone_identifier.#": "0",
                            "wait_for_capacity_timeout": "10m"
                        },
                        "meta": {
                            "e2bfb730-ecaa-11e6-8f88-34363bc7c4c0": {
                                "delete": 600000000000
                            }
                        },
                        "tainted": false
                    },
                    "deposed": [],
                    "provider": ""
                },
                "aws_elb.example": {
                    "type": "aws_elb",
                    "depends_on": [
                        "aws_security_group.elb",
                        "data.aws_availability_zones.all"
                    ],
                    "primary": {
                        "id": "terraform-ASG-example",
                        "attributes": {
                            "access_logs.#": "0",
                            "availability_zones.#": "2",
                            "availability_zones.1163474009": "ap-south-1a",
                            "availability_zones.3696256483": "ap-south-1b",
                            "connection_draining": "false",
                            "connection_draining_timeout": "300",
                            "cross_zone_load_balancing": "true",
                            "dns_name": "terraform-ASG-example-777772322.ap-south-1.elb.amazonaws.com",
                            "health_check.#": "1",
                            "health_check.0.healthy_threshold": "2",
                            "health_check.0.interval": "30",
                            "health_check.0.target": "HTTP:80/",
                            "health_check.0.timeout": "3",
                            "health_check.0.unhealthy_threshold": "2",
                            "id": "terraform-ASG-example",
                            "idle_timeout": "60",
                            "instances.#": "2",
                            "instances.1939324753": "i-0ae57479a7d17d6e1",
                            "instances.3738466710": "i-0e0fce208256b7e0b",
                            "internal": "false",
                            "listener.#": "1",
                            "listener.3057123346.instance_port": "80",
                            "listener.3057123346.instance_protocol": "http",
                            "listener.3057123346.lb_port": "80",
                            "listener.3057123346.lb_protocol": "http",
                            "listener.3057123346.ssl_certificate_id": "",
                            "name": "terraform-ASG-example",
                            "security_groups.#": "1",
                            "security_groups.1308599637": "sg-78823010",
                            "source_security_group": "022326375062/terraform-elb-SG",
                            "source_security_group_id": "sg-78823010",
                            "subnets.#": "2",
                            "subnets.190667819": "subnet-2a4d0c43",
                            "subnets.292649270": "subnet-82b902cf",
                            "tags.%": "0",
                            "zone_id": "ZP97RAFLXTNZK"
                        },
                        "meta": {},
                        "tainted": false
                    },
                    "deposed": [],
                    "provider": ""
                },
                "aws_launch_configuration.example": {
                    "type": "aws_launch_configuration",
                    "depends_on": [],
                    "primary": {
                        "id": "terraform-00cc628166dfe461c08de890ce",
                        "attributes": {
                            "associate_public_ip_address": "false",
                            "ebs_block_device.#": "0",
                            "ebs_optimized": "false",
                            "enable_monitoring": "true",
                            "ephemeral_block_device.#": "0",
                            "iam_instance_profile": "",
                            "id": "terraform-00cc628166dfe461c08de890ce",
                            "image_id": "ami-47205e28",
                            "instance_type": "t2.micro",
                            "key_name": "rajshah-mumbai",
                            "name": "terraform-00cc628166dfe461c08de890ce",
                            "root_block_device.#": "0",
                            "security_groups.#": "1",
                            "security_groups.710979424": "sg-6b9d2f03",
                            "spot_price": "",
                            "user_data": "a4a0c39a6af0cb397f0ed9f456731f2088ddf1d7",
                            "vpc_classic_link_id": "",
                            "vpc_classic_link_security_groups.#": "0"
                        },
                        "meta": {},
                        "tainted": false
                    },
                    "deposed": [],
                    "provider": ""
                },
                "aws_security_group.elb": {
                    "type": "aws_security_group",
                    "depends_on": [],
                    "primary": {
                        "id": "sg-78823010",
                        "attributes": {
                            "description": "Managed by Terraform",
                            "egress.#": "1",
                            "egress.482069346.cidr_blocks.#": "1",
                            "egress.482069346.cidr_blocks.0": "0.0.0.0/0",
                            "egress.482069346.from_port": "0",
                            "egress.482069346.ipv6_cidr_blocks.#": "0",
                            "egress.482069346.prefix_list_ids.#": "0",
                            "egress.482069346.protocol": "-1",
                            "egress.482069346.security_groups.#": "0",
                            "egress.482069346.self": "false",
                            "egress.482069346.to_port": "0",
                            "id": "sg-78823010",
                            "ingress.#": "1",
                            "ingress.2214680975.cidr_blocks.#": "1",
                            "ingress.2214680975.cidr_blocks.0": "0.0.0.0/0",
                            "ingress.2214680975.from_port": "80",
                            "ingress.2214680975.ipv6_cidr_blocks.#": "0",
                            "ingress.2214680975.protocol": "tcp",
                            "ingress.2214680975.security_groups.#": "0",
                            "ingress.2214680975.self": "false",
                            "ingress.2214680975.to_port": "80",
                            "name": "terraform-elb-SG",
                            "owner_id": "022326375062",
                            "tags.%": "0",
                            "vpc_id": "vpc-0f3e7a66"
                        },
                        "meta": {},
                        "tainted": false
                    },
                    "deposed": [],
                    "provider": ""
                },
                "aws_security_group.instance": {
                    "type": "aws_security_group",
                    "depends_on": [],
                    "primary": {
                        "id": "sg-6b9d2f03",
                        "attributes": {
                            "description": "Managed by Terraform",
                            "egress.#": "1",
                            "egress.482069346.cidr_blocks.#": "1",
                            "egress.482069346.cidr_blocks.0": "0.0.0.0/0",
                            "egress.482069346.from_port": "0",
                            "egress.482069346.ipv6_cidr_blocks.#": "0",
                            "egress.482069346.prefix_list_ids.#": "0",
                            "egress.482069346.protocol": "-1",
                            "egress.482069346.security_groups.#": "0",
                            "egress.482069346.self": "false",
                            "egress.482069346.to_port": "0",
                            "id": "sg-6b9d2f03",
                            "ingress.#": "2",
                            "ingress.2214680975.cidr_blocks.#": "1",
                            "ingress.2214680975.cidr_blocks.0": "0.0.0.0/0",
                            "ingress.2214680975.from_port": "80",
                            "ingress.2214680975.ipv6_cidr_blocks.#": "0",
                            "ingress.2214680975.protocol": "tcp",
                            "ingress.2214680975.security_groups.#": "0",
                            "ingress.2214680975.self": "false",
                            "ingress.2214680975.to_port": "80",
                            "ingress.2541437006.cidr_blocks.#": "1",
                            "ingress.2541437006.cidr_blocks.0": "0.0.0.0/0",
                            "ingress.2541437006.from_port": "22",
                            "ingress.2541437006.ipv6_cidr_blocks.#": "0",
                            "ingress.2541437006.protocol": "tcp",
                            "ingress.2541437006.security_groups.#": "0",
                            "ingress.2541437006.self": "false",
                            "ingress.2541437006.to_port": "22",
                            "name": "terraform-ASG-instance",
                            "owner_id": "022326375062",
                            "tags.%": "0",
                            "vpc_id": "vpc-0f3e7a66"
                        },
                        "meta": {},
                        "tainted": false
                    },
                    "deposed": [],
                    "provider": ""
                },
                "data.aws_availability_zones.all": {
                    "type": "aws_availability_zones",
                    "depends_on": [],
                    "primary": {
                        "id": "2017-08-27 05:10:37.62281815 +0000 UTC",
                        "attributes": {
                            "id": "2017-08-27 05:10:37.62281815 +0000 UTC",
                            "names.#": "2",
                            "names.0": "ap-south-1a",
                            "names.1": "ap-south-1b"
                        },
                        "meta": {},
                        "tainted": false
                    },
                    "deposed": [],
                    "provider": ""
                },
                "data.template_file.user_data": {
                    "type": "template_file",
                    "depends_on": [
                        "data.terraform_remote_state.db"
                    ],
                    "primary": {
                        "id": "9478e1e8b42a3b39e6944f094b80216c21556c682249762719ddb3c080b397e3",
                        "attributes": {
                            "id": "9478e1e8b42a3b39e6944f094b80216c21556c682249762719ddb3c080b397e3",
                            "rendered": "#!/bin/bash\n                yum update -y\n                yum install httpd -y\n                service httpd start\n                chkconfig httpd on\n                echo \"\u003ch1\u003ehello world\u003c/h1\u003e\" \u003e\u003e /var/www/html/index.html\n                echo \"\u003cp\u003eDB address = terraform-00647204780f228082f55afc13.c2fgjfcdf4gv.ap-south-1.rds.amazonaws.com\u003c/p\u003e\"\u003e\u003e /var/www/html/index.html\n                echo \"\u003cp\u003eDB port = 3306\u003c/p\u003e\"\u003e\u003e /var/www/html/index.html\n                EOF\n\n",
                            "template": "#!/bin/bash\n                yum update -y\n                yum install httpd -y\n                service httpd start\n                chkconfig httpd on\n                echo \"\u003ch1\u003ehello world\u003c/h1\u003e\" \u003e\u003e /var/www/html/index.html\n                echo \"\u003cp\u003eDB address = ${db_address}\u003c/p\u003e\"\u003e\u003e /var/www/html/index.html\n                echo \"\u003cp\u003eDB port = ${db_port}\u003c/p\u003e\"\u003e\u003e /var/www/html/index.html\n                EOF\n\n",
                            "vars.%": "2",
                            "vars.db_address": "terraform-00647204780f228082f55afc13.c2fgjfcdf4gv.ap-south-1.rds.amazonaws.com",
                            "vars.db_port": "3306"
                        },
                        "meta": {},
                        "tainted": false
                    },
                    "deposed": [],
                    "provider": ""
                },
                "data.terraform_remote_state.db": {
                    "type": "terraform_remote_state",
                    "depends_on": [],
                    "primary": {
                        "id": "2017-08-27 05:10:37.7114078 +0000 UTC",
                        "attributes": {
                            "address": "terraform-00647204780f228082f55afc13.c2fgjfcdf4gv.ap-south-1.rds.amazonaws.com",
                            "backend": "s3",
                            "config.%": "3",
                            "config.bucket": "terraform-rajshah",
                            "config.key": "stage/data-stores/mysql/terraform.tfstate",
                            "config.region": "ap-south-1",
                            "environment": "default",
                            "id": "2017-08-27 05:10:37.7114078 +0000 UTC",
                            "port": "3306"
                        },
                        "meta": {},
                        "tainted": false
                    },
                    "deposed": [],
                    "provider": ""
                }
            },
            "depends_on": []
        }
    ]
}
